
Microsoft Visual Studio Solution File, Format Version 12.00
# Visual Studio Version 16
VisualStudioVersion = 16.0.30413.136
MinimumVisualStudioVersion = 10.0.40219.1
Project("{9A19103F-16F7-4668-BE54-9A1E7A4F7556}") = "SEI_Sample", "SEI_Sample\SEI_Sample.csproj", "{5ED6CE45-6482-481A-B2A4-E50354F21110}"
EndProject
Project("{FAE04EC0-301F-11D3-BF4B-00C04F79EFBC}") = "SEI.API", "SEI.API\SEI.API.csproj", "{0DC7D495-1415-4458-9A37-48F294964FE2}"
EndProject
Project("{FAE04EC0-301F-11D3-BF4B-00C04F79EFBC}") = "SEI.DAL", "SEI.DAL\SEI.DAL.csproj", "{E5F18A79-BB5F-412A-890F-7E90526C1ADD}"
EndProject
Project("{FAE04EC0-301F-11D3-BF4B-00C04F79EFBC}") = "SEI.BAL", "SEI.BAL\SEI.BAL.csproj", "{D0885FEF-1276-40BB-9861-2E080A95DF9B}"
EndProject
Project("{FAE04EC0-301F-11D3-BF4B-00C04F79EFBC}") = "SEI.BO", "SEI.BO\SEI.BO.csproj", "{52C3EBF4-635C-42D2-852B-AF1E11CAFA25}"
EndProject
Global
	GlobalSection(SolutionConfigurationPlatforms) = preSolution
		Debug|Any CPU = Debug|Any CPU
		Release|Any CPU = Release|Any CPU
	EndGlobalSection
	GlobalSection(ProjectConfigurationPlatforms) = postSolution
		{5ED6CE45-6482-481A-B2A4-E50354F21110}.Debug|Any CPU.ActiveCfg = Debug|Any CPU
		{5ED6CE45-6482-481A-B2A4-E50354F21110}.Debug|Any CPU.Build.0 = Debug|Any CPU
		{5ED6CE45-6482-481A-B2A4-E50354F21110}.Release|Any CPU.ActiveCfg = Release|Any CPU
		{5ED6CE45-6482-481A-B2A4-E50354F21110}.Release|Any CPU.Build.0 = Release|Any CPU
		{0DC7D495-1415-4458-9A37-48F294964FE2}.Debug|Any CPU.ActiveCfg = Debug|Any CPU
		{0DC7D495-1415-4458-9A37-48F294964FE2}.Debug|Any CPU.Build.0 = Debug|Any CPU
		{0DC7D495-1415-4458-9A37-48F294964FE2}.Release|Any CPU.ActiveCfg = Release|Any CPU
		{0DC7D495-1415-4458-9A37-48F294964FE2}.Release|Any CPU.Build.0 = Release|Any CPU
		{E5F18A79-BB5F-412A-890F-7E90526C1ADD}.Debug|Any CPU.ActiveCfg = Debug|Any CPU
		{E5F18A79-BB5F-412A-890F-7E90526C1ADD}.Debug|Any CPU.Build.0 = Debug|Any CPU
		{E5F18A79-BB5F-412A-890F-7E90526C1ADD}.Release|Any CPU.ActiveCfg = Release|Any CPU
		{E5F18A79-BB5F-412A-890F-7E90526C1ADD}.Release|Any CPU.Build.0 = Release|Any CPU
		{D0885FEF-1276-40BB-9861-2E080A95DF9B}.Debug|Any CPU.ActiveCfg = Debug|Any CPU
		{D0885FEF-1276-40BB-9861-2E080A95DF9B}.Debug|Any CPU.Build.0 = Debug|Any CPU
		{D0885FEF-1276-40BB-9861-2E080A95DF9B}.Release|Any CPU.ActiveCfg = Release|Any CPU
		{D0885FEF-1276-40BB-9861-2E080A95DF9B}.Release|Any CPU.Build.0 = Release|Any CPU
		{52C3EBF4-635C-42D2-852B-AF1E11CAFA25}.Debug|Any CPU.ActiveCfg = Debug|Any CPU
		{52C3EBF4-635C-42D2-852B-AF1E11CAFA25}.Debug|Any CPU.Build.0 = Debug|Any CPU
		{52C3EBF4-635C-42D2-852B-AF1E11CAFA25}.Release|Any CPU.ActiveCfg = Release|Any CPU
		{52C3EBF4-635C-42D2-852B-AF1E11CAFA25}.Release|Any CPU.Build.0 = Release|Any CPU
	EndGlobalSection
	GlobalSection(SolutionProperties) = preSolution
		HideSolutionNode = FALSE
	EndGlobalSection
	GlobalSection(ExtensibilityGlobals) = postSolution
		SolutionGuid = {0C11100A-F645-42AA-983C-4D994846A3EC}
	EndGlobalSection
EndGlobal
